// !$*UTF8*$!
{
	archiveVersion = 1;
	classes = {
	};
	objectVersion = 46;
	objects = {

/* Begin PBXBuildFile section */
		8EB501ED1B17000E005A08C2 /* main.m in Sources */ = {isa = PBXBuildFile; fileRef = 8EB501EC1B17000E005A08C2 /* main.m */; };
		8EB501F01B17000E005A08C2 /* AppDelegate.m in Sources */ = {isa = PBXBuildFile; fileRef = 8EB501EF1B17000E005A08C2 /* AppDelegate.m */; };
		8EB501F31B17000E005A08C2 /* gitHub.xcdatamodeld in Sources */ = {isa = PBXBuildFile; fileRef = 8EB501F11B17000E005A08C2 /* gitHub.xcdatamodeld */; };
		8EB501F61B17000E005A08C2 /* ViewController.m in Sources */ = {isa = PBXBuildFile; fileRef = 8EB501F51B17000E005A08C2 /* ViewController.m */; };
		8EB501F91B17000E005A08C2 /* Main.storyboard in Resources */ = {isa = PBXBuildFile; fileRef = 8EB501F71B17000E005A08C2 /* Main.storyboard */; };
		8EB501FB1B17000E005A08C2 /* Images.xcassets in Resources */ = {isa = PBXBuildFile; fileRef = 8EB501FA1B17000E005A08C2 /* Images.xcassets */; };
		8EB501FE1B17000E005A08C2 /* LaunchScreen.xib in Resources */ = {isa = PBXBuildFile; fileRef = 8EB501FC1B17000E005A08C2 /* LaunchScreen.xib */; };
		8EB5020A1B17000E005A08C2 /* gitHubTests.m in Sources */ = {isa = PBXBuildFile; fileRef = 8EB502091B17000E005A08C2 /* gitHubTests.m */; };
		8EB502151B170240005A08C2 /* OneViewController.m in Sources */ = {isa = PBXBuildFile; fileRef = 8EB502141B170240005A08C2 /* OneViewController.m */; };
/* End PBXBuildFile section */

/* Begin PBXContainerItemProxy section */
		8EB502041B17000E005A08C2 /* PBXContainerItemProxy */ = {
			isa = PBXContainerItemProxy;
			containerPortal = 8EB501DF1B17000E005A08C2 /* Project object */;
			proxyType = 1;
			remoteGlobalIDString = 8EB501E61B17000E005A08C2;
			remoteInfo = gitHub;
		};
/* End PBXContainerItemProxy section */

/* Begin PBXFileReference section */
		8EB501E71B17000E005A08C2 /* gitHub.app */ = {isa = PBXFileReference; explicitFileType = wrapper.application; includeInIndex = 0; path = gitHub.app; sourceTree = BUILT_PRODUCTS_DIR; };
		8EB501EB1B17000E005A08C2 /* Info.plist */ = {isa = PBXFileReference; lastKnownFileType = text.plist.xml; path = Info.plist; sourceTree = "<group>"; };
		8EB501EC1B17000E005A08C2 /* main.m */ = {isa = PBXFileReference; lastKnownFileType = sourcecode.c.objc; path = main.m; sourceTree = "<group>"; };
		8EB501EE1B17000E005A08C2 /* AppDelegate.h */ = {isa = PBXFileReference; lastKnownFileType = sourcecode.c.h; path = AppDelegate.h; sourceTree = "<group>"; };
		8EB501EF1B17000E005A08C2 /* AppDelegate.m */ = {isa = PBXFileReference; lastKnownFileType = sourcecode.c.objc; path = AppDelegate.m; sourceTree = "<group>"; };
		8EB501F21B17000E005A08C2 /* gitHub.xcdatamodel */ = {isa = PBXFileReference; lastKnownFileType = wrapper.xcdatamodel; path = gitHub.xcdatamodel; sourceTree = "<group>"; };
		8EB501F41B17000E005A08C2 /* ViewController.h */ = {isa = PBXFileReference; lastKnownFileType = sourcecode.c.h; path = ViewController.h; sourceTree = "<group>"; };
		8EB501F51B17000E005A08C2 /* ViewController.m */ = {isa = PBXFileReference; lastKnownFileType = sourcecode.c.objc; path = ViewController.m; sourceTree = "<group>"; };
		8EB501F81B17000E005A08C2 /* Base */ = {isa = PBXFileReference; lastKnownFileType = file.storyboard; name = Base; path = Base.lproj/Main.storyboard; sourceTree = "<group>"; };
		8EB501FA1B17000E005A08C2 /* Images.xcassets */ = {isa = PBXFileReference; lastKnownFileType = folder.assetcatalog; path = Images.xcassets; sourceTree = "<group>"; };
		8EB501FD1B17000E005A08C2 /* Base */ = {isa = PBXFileReference; lastKnownFileType = file.xib; name = Base; path = Base.lproj/LaunchScreen.xib; sourceTree = "<group>"; };
		8EB502031B17000E005A08C2 /* gitHubTests.xctest */ = {isa = PBXFileReference; explicitFileType = wrapper.cfbundle; includeInIndex = 0; path = gitHubTests.xctest; sourceTree = BUILT_PRODUCTS_DIR; };
		8EB502081B17000E005A08C2 /* Info.plist */ = {isa = PBXFileReference; lastKnownFileType = text.plist.xml; path = Info.plist; sourceTree = "<group>"; };
		8EB502091B17000E005A08C2 /* gitHubTests.m */ = {isa = PBXFileReference; lastKnownFileType = sourcecode.c.objc; path = gitHubTests.m; sourceTree = "<group>"; };
		8EB502131B170240005A08C2 /* OneViewController.h */ = {isa = PBXFileReference; fileEncoding = 4; lastKnownFileType = sourcecode.c.h; path = OneViewController.h; sourceTree = "<group>"; };
		8EB502141B170240005A08C2 /* OneViewController.m */ = {isa = PBXFileReference; fileEncoding = 4; lastKnownFileType = sourcecode.c.objc; path = OneViewController.m; sourceTree = "<group>"; };
/* End PBXFileReference section */

/* Begin PBXFrameworksBuildPhase section */
		8EB501E41B17000E005A08C2 /* Frameworks */ = {
			isa = PBXFrameworksBuildPhase;
			buildActionMask = 2147483647;
			files = (
			);
			runOnlyForDeploymentPostprocessing = 0;
		};
		8EB502001B17000E005A08C2 /* Frameworks */ = {
			isa = PBXFrameworksBuildPhase;
			buildActionMask = 2147483647;
			files = (
			);
			runOnlyForDeploymentPostprocessing = 0;
		};
/* End PBXFrameworksBuildPhase section */

/* Begin PBXGroup section */
		8EB501DE1B17000E005A08C2 = {
			isa = PBXGroup;
			children = (
				8EB501E91B17000E005A08C2 /* gitHub */,
				8EB502061B17000E005A08C2 /* gitHubTests */,
				8EB501E81B17000E005A08C2 /* Products */,
			);
			sourceTree = "<group>";
		};
		8EB501E81B17000E005A08C2 /* Products */ = {
			isa = PBXGroup;
			children = (
				8EB501E71B17000E005A08C2 /* gitHub.app */,
				8EB502031B17000E005A08C2 /* gitHubTests.xctest */,
			);
			name = Products;
			sourceTree = "<group>";
		};
		8EB501E91B17000E005A08C2 /* gitHub */ = {
			isa = PBXGroup;
			children = (
				8EB501EE1B17000E005A08C2 /* AppDelegate.h */,
				8EB501EF1B17000E005A08C2 /* AppDelegate.m */,
				8EB501F41B17000E005A08C2 /* ViewController.h */,
				8EB501F51B17000E005A08C2 /* ViewController.m */,
				8EB502131B170240005A08C2 /* OneViewController.h */,
				8EB502141B170240005A08C2 /* OneViewController.m */,
				8EB501F71B17000E005A08C2 /* Main.storyboard */,
				8EB501FA1B17000E005A08C2 /* Images.xcassets */,
				8EB501FC1B17000E005A08C2 /* LaunchScreen.xib */,
				8EB501F11B17000E005A08C2 /* gitHub.xcdatamodeld */,
				8EB501EA1B17000E005A08C2 /* Supporting Files */,
			);
			path = gitHub;
			sourceTree = "<group>";
		};
		8EB501EA1B17000E005A08C2 /* Supporting Files */ = {
			isa = PBXGroup;
			children = (
				8EB501EB1B17000E005A08C2 /* Info.plist */,
				8EB501EC1B17000E005A08C2 /* main.m */,
			);
			name = "Supporting Files";
			sourceTree = "<group>";
		};
		8EB502061B17000E005A08C2 /* gitHubTests */ = {
			isa = PBXGroup;
			children = (
				8EB502091B17000E005A08C2 /* gitHubTests.m */,
				8EB502071B17000E005A08C2 /* Supporting Files */,
			);
			path = gitHubTests;
			sourceTree = "<group>";
		};
		8EB502071B17000E005A08C2 /* Supporting Files */ = {
			isa = PBXGroup;
			children = (
				8EB502081B17000E005A08C2 /* Info.plist */,
			);
			name = "Supporting Files";
			sourceTree = "<group>";
		};
/* End PBXGroup section */

/* Begin PBXNativeTarget section */
		8EB501E61B17000E005A08C2 /* gitHub */ = {
			isa = PBXNativeTarget;
			buildConfigurationList = 8EB5020D1B17000E005A08C2 /* Build configuration list for PBXNativeTarget "gitHub" */;
			buildPhases = (
				8EB501E31B17000E005A08C2 /* Sources */,
				8EB501E41B17000E005A08C2 /* Frameworks */,
				8EB501E51B17000E005A08C2 /* Resources */,
			);
			buildRules = (
			);
			dependencies = (
			);
			name = gitHub;
			productName = gitHub;
			productReference = 8EB501E71B17000E005A08C2 /* gitHub.app */;
			productType = "com.apple.product-type.application";
		};
		8EB502021B17000E005A08C2 /* gitHubTests */ = {
			isa = PBXNativeTarget;
			buildConfigurationList = 8EB502101B17000E005A08C2 /* Build configuration list for PBXNativeTarget "gitHubTests" */;
			buildPhases = (
				8EB501FF1B17000E005A08C2 /* Sources */,
				8EB502001B17000E005A08C2 /* Frameworks */,
				8EB502011B17000E005A08C2 /* Resources */,
			);
			buildRules = (
			);
			dependencies = (
				8EB502051B17000E005A08C2 /* PBXTargetDependency */,
			);
			name = gitHubTests;
			productName = gitHubTests;
			productReference = 8EB502031B17000E005A08C2 /* gitHubTests.xctest */;
			productType = "com.apple.product-type.bundle.unit-test";
		};
/* End PBXNativeTarget section */

/* Begin PBXProject section */
		8EB501DF1B17000E005A08C2 /* Project object */ = {
			isa = PBXProject;
			attributes = {
				LastUpgradeCheck = 0630;
				ORGANIZATIONNAME = com.longjianchuanmei;
				TargetAttributes = {
					8EB501E61B17000E005A08C2 = {
						CreatedOnToolsVersion = 6.3;
					};
					8EB502021B17000E005A08C2 = {
						CreatedOnToolsVersion = 6.3;
						TestTargetID = 8EB501E61B17000E005A08C2;
					};
				};
			};
			buildConfigurationList = 8EB501E21B17000E005A08C2 /* Build configuration list for PBXProject "gitHub" */;
			compatibilityVersion = "Xcode 3.2";
			developmentRegion = English;
			hasScannedForEncodings = 0;
			knownRegions = (
				en,
				Base,
			);
			mainGroup = 8EB501DE1B17000E005A08C2;
			productRefGroup = 8EB501E81B17000E005A08C2 /* Products */;
			projectDirPath = "";
			projectRoot = "";
			targets = (
				8EB501E61B17000E005A08C2 /* gitHub */,
				8EB502021B17000E005A08C2 /* gitHubTests */,
			);
		};
/* End PBXProject section */

/* Begin PBXResourcesBuildPhase section */
		8EB501E51B17000E005A08C2 /* Resources */ = {
			isa = PBXResourcesBuildPhase;
			buildActionMask = 2147483647;
			files = (
				8EB501F91B17000E005A08C2 /* Main.storyboard in Resources */,
				8EB501FE1B17000E005A08C2 /* LaunchScreen.xib in Resources */,
				8EB501FB1B17000E005A08C2 /* Images.xcassets in Resources */,
			);
			runOnlyForDeploymentPostprocessing = 0;
		};
		8EB502011B17000E005A08C2 /* Resources */ = {
			isa = PBXResourcesBuildPhase;
			buildActionMask = 2147483647;
			files = (
			);
			runOnlyForDeploymentPostprocessing = 0;
		};
/* End PBXResourcesBuildPhase section */

/* Begin PBXSourcesBuildPhase section */
		8EB501E31B17000E005A08C2 /* Sources */ = {
			isa = PBXSourcesBuildPhase;
			buildActionMask = 2147483647;
			files = (
				8EB501F01B17000E005A08C2 /* AppDelegate.m in Sources */,
				8EB502151B170240005A08C2 /* OneViewController.m in Sources */,
				8EB501F31B17000E005A08C2 /* gitHub.xcdatamodeld in Sources */,
				8EB501F61B17000E005A08C2 /* ViewController.m in Sources */,
				8EB501ED1B17000E005A08C2 /* main.m in Sources */,
			);
			runOnlyForDeploymentPostprocessing = 0;
		};
		8EB501FF1B17000E005A08C2 /* Sources */ = {
			isa = PBXSourcesBuildPhase;
			buildActionMask = 2147483647;
			files = (
				8EB5020A1B17000E005A08C2 /* gitHubTests.m in Sources */,
			);
			runOnlyForDeploymentPostprocessing = 0;
		};
/* End PBXSourcesBuildPhase section */

/* Begin PBXTargetDependency section */
		8EB502051B17000E005A08C2 /* PBXTargetDependency */ = {
			isa = PBXTargetDependency;
			target = 8EB501E61B17000E005A08C2 /* gitHub */;
			targetProxy = 8EB502041B17000E005A08C2 /* PBXContainerItemProxy */;
		};
/* End PBXTargetDependency section */

/* Begin PBXVariantGroup section */
		8EB501F71B17000E005A08C2 /* Main.storyboard */ = {
			isa = PBXVariantGroup;
			children = (
				8EB501F81B17000E005A08C2 /* Base */,
			);
			name = Main.storyboard;
			sourceTree = "<group>";
		};
		8EB501FC1B17000E005A08C2 /* LaunchScreen.xib */ = {
			isa = PBXVariantGroup;
			children = (
				8EB501FD1B17000E005A08C2 /* Base */,
			);
			name = LaunchScreen.xib;
			sourceTree = "<group>";
		};
/* End PBXVariantGroup section */

/* Begin XCBuildConfiguration section */
		8EB5020B1B17000E005A08C2 /* Debug */ = {
			isa = XCBuildConfiguration;
			buildSettings = {
				ALWAYS_SEARCH_USER_PATHS = NO;
				CLANG_CXX_LANGUAGE_STANDARD = "gnu++0x";
				CLANG_CXX_LIBRARY = "libc++";
				CLANG_ENABLE_MODULES = YES;
				CLANG_ENABLE_OBJC_ARC = YES;
				CLANG_WARN_BOOL_CONVERSION = YES;
				CLANG_WARN_CONSTANT_CONVERSION = YES;
				CLANG_WARN_DIRECT_OBJC_ISA_USAGE = YES_ERROR;
				CLANG_WARN_EMPTY_BODY = YES;
				CLANG_WARN_ENUM_CONVERSION = YES;
				CLANG_WARN_INT_CONVERSION = YES;
				CLANG_WARN_OBJC_ROOT_CLASS = YES_ERROR;
				CLANG_WARN_UNREACHABLE_CODE = YES;
				CLANG_WARN__DUPLICATE_METHOD_MATCH = YES;
				"CODE_SIGN_IDENTITY[sdk=iphoneos*]" = "iPhone Developer";
				COPY_PHASE_STRIP = NO;
				DEBUG_INFORMATION_FORMAT = "dwarf-with-dsym";
				ENABLE_STRICT_OBJC_MSGSEND = YES;
				GCC_C_LANGUAGE_STANDARD = gnu99;
				GCC_DYNAMIC_NO_PIC = NO;
				GCC_NO_COMMON_BLOCKS = YES;
				GCC_OPTIMIZATION_LEVEL = 0;
				GCC_PREPROCESSOR_DEFINITIONS = (
					"DEBUG=1",
					"$(inherited)",
				);
				GCC_SYMBOLS_PRIVATE_EXTERN = NO;
				GCC_WARN_64_TO_32_BIT_CONVERSION = YES;
				GCC_WARN_ABOUT_RETURN_TYPE = YES_ERROR;
				GCC_WARN_UNDECLARED_SELECTOR = YES;
				GCC_WARN_UNINITIALIZED_AUTOS = YES_AGGRESSIVE;
				GCC_WARN_UNUSED_FUNCTION = YES;
				GCC_WARN_UNUSED_VARIABLE = YES;
				IPHONEOS_DEPLOYMENT_TARGET = 8.3;
				MTL_ENABLE_DEBUG_INFO = YES;
				ONLY_ACTIVE_ARCH = YES;
				SDKROOT = iphoneos;
			};
			name = Debug;
		};
		8EB5020C1B17000E005A08C2 /* Release */ = {
			isa = XCBuildConfiguration;
			buildSettings = {
				ALWAYS_SEARCH_USER_PATHS = NO;
				CLANG_CXX_LANGUAGE_STANDARD = "gnu++0x";
				CLANG_CXX_LIBRARY = "libc++";
				CLANG_ENABLE_MODULES = YES;
				CLANG_ENABLE_OBJC_ARC = YES;
				CLANG_WARN_BOOL_CONVERSION = YES;
				CLANG_WARN_CONSTANT_CONVERSION = YES;
				CLANG_WARN_DIRECT_OBJC_ISA_USAGE = YES_ERROR;
				CLANG_WARN_EMPTY_BODY = YES;
				CLANG_WARN_ENUM_CONVERSION = YES;
				CLANG_WARN_INT_CONVERSION = YES;
				CLANG_WARN_OBJC_ROOT_CLASS = YES_ERROR;
				CLANG_WARN_UNREACHABLE_CODE = YES;
				CLANG_WARN__DUPLICATE_METHOD_MATCH = YES;
				"CODE_SIGN_IDENTITY[sdk=iphoneos*]" = "iPhone Developer";
				COPY_PHASE_STRIP = NO;
				DEBUG_INFORMATION_FORMAT = "dwarf-with-dsym";
				ENABLE_NS_ASSERTIONS = NO;
				ENABLE_STRICT_OBJC_MSGSEND = YES;
				GCC_C_LANGUAGE_STANDARD = gnu99;
				GCC_NO_COMMON_BLOCKS = YES;
				GCC_WARN_64_TO_32_BIT_CONVERSION = YES;
				GCC_WARN_ABOUT_RETURN_TYPE = YES_ERROR;
				GCC_WARN_UNDECLARED_SELECTOR = YES;
				GCC_WARN_UNINITIALIZED_AUTOS = YES_AGGRESSIVE;
				GCC_WARN_UNUSED_FUNCTION = YES;
				GCC_WARN_UNUSED_VARIABLE = YES;
				IPHONEOS_DEPLOYMENT_TARGET = 8.3;
				MTL_ENABLE_DEBUG_INFO = NO;
				SDKROOT = iphoneos;
				VALIDATE_PRODUCT = YES;
			};
			name = Release;
		};
		8EB5020E1B17000E005A08C2 /* Debug */ = {
			isa = XCBuildConfiguration;
			buildSettings = {
				ASSETCATALOG_COMPILER_APPICON_NAME = AppIcon;
				INFOPLIST_FILE = gitHub/Info.plist;
				LD_RUNPATH_SEARCH_PATHS = "$(inherited) @executable_path/Frameworks";
				PRODUCT_NAME = "$(TARGET_NAME)";
			};
			name = Debug;
		};
		8EB5020F1B17000E005A08C2 /* Release */ = {
			isa = XCBuildConfiguration;
			buildSettings = {
				ASSETCATALOG_COMPILER_APPICON_NAME = AppIcon;
				INFOPLIST_FILE = gitHub/Info.plist;
				LD_RUNPATH_SEARCH_PATHS = "$(inherited) @executable_path/Frameworks";
				PRODUCT_NAME = "$(TARGET_NAME)";
			};
			name = Release;
		};
		8EB502111B17000E005A08C2 /* Debug */ = {
			isa = XCBuildConfiguration;
			buildSettings = {
				BUNDLE_LOADER = "$(TEST_HOST)";
				FRAMEWORK_SEARCH_PATHS = (
					"$(SDKROOT)/Developer/Library/Frameworks",
					"$(inherited)",
				);
				GCC_PREPROCESSOR_DEFINITIONS = (
					"DEBUG=1",
					"$(inherited)",
				);
				INFOPLIST_FILE = gitHubTests/Info.plist;
				LD_RUNPATH_SEARCH_PATHS = "$(inherited) @executable_path/Frameworks @loader_path/Frameworks";
				PRODUCT_NAME = "$(TARGET_NAME)";
				TEST_HOST = "$(BUILT_PRODUCTS_DIR)/gitHub.app/gitHub";
			};
			name = Debug;
		};
		8EB502121B17000E005A08C2 /* Release */ = {
			isa = XCBuildConfiguration;
			buildSettings = {
				BUNDLE_LOADER = "$(TEST_HOST)";
				FRAMEWORK_SEARCH_PATHS = (
					"$(SDKROOT)/Developer/Library/Frameworks",
					"$(inherited)",
				);
				INFOPLIST_FILE = gitHubTests/Info.plist;
				LD_RUNPATH_SEARCH_PATHS = "$(inherited) @executable_path/Frameworks @loader_path/Frameworks";
				PRODUCT_NAME = "$(TARGET_NAME)";
				TEST_HOST = "$(BUILT_PRODUCTS_DIR)/gitHub.app/gitHub";
			};
			name = Release;
		};
/* End XCBuildConfiguration section */

/* Begin XCConfigurationList section */
		8EB501E21B17000E005A08C2 /* Build configuration list for PBXProject "gitHub" */ = {
			isa = XCConfigurationList;
			buildConfigurations = (
				8EB5020B1B17000E005A08C2 /* Debug */,
				8EB5020C1B17000E005A08C2 /* Release */,
			);
			defaultConfigurationIsVisible = 0;
			defaultConfigurationName = Release;
		};
		8EB5020D1B17000E005A08C2 /* Build configuration list for PBXNativeTarget "gitHub" */ = {
			isa = XCConfigurationList;
			buildConfigurations = (
				8EB5020E1B17000E005A08C2 /* Debug */,
				8EB5020F1B17000E005A08C2 /* Release */,
			);
			defaultConfigurationIsVisible = 0;
		};
		8EB502101B17000E005A08C2 /* Build configuration list for PBXNativeTarget "gitHubTests" */ = {
			isa = XCConfigurationList;
			buildConfigurations = (
				8EB502111B17000E005A08C2 /* Debug */,
				8EB502121B17000E005A08C2 /* Release */,
			);
			defaultConfigurationIsVisible = 0;
		};
/* End XCConfigurationList section */

/* Begin XCVersionGroup section */
		8EB501F11B17000E005A08C2 /* gitHub.xcdatamodeld */ = {
			isa = XCVersionGroup;
			children = (
				8EB501F21B17000E005A08C2 /* gitHub.xcdatamodel */,
			);
			currentVersion = 8EB501F21B17000E005A08C2 /* gitHub.xcdatamodel */;
			path = gitHub.xcdatamodeld;
			sourceTree = "<group>";
			versionGroupType = wrapper.xcdatamodel;
		};
/* End XCVersionGroup section */
	};
	rootObject = 8EB501DF1B17000E005A08C2 /* Project object */;
}
